
Microsoft Visual Studio Solution File, Format Version 12.00
Project("{FAE04EC0-301F-11D3-BF4B-00C04F79EFBC}") = "Botvex.API", "Botvex.API\Botvex.API.csproj", "{943D26CD-288F-4D57-980D-200FEBA9DAB6}"
EndProject
Project("{FAE04EC0-301F-11D3-BF4B-00C04F79EFBC}") = "Botvex.DB", "Botvex.DB\Botvex.DB.csproj", "{F525133A-F7FF-4326-8FE7-59BA720FA95F}"
EndProject
Global
	GlobalSection(SolutionConfigurationPlatforms) = preSolution
		Debug|Any CPU = Debug|Any CPU
		Release|Any CPU = Release|Any CPU
	EndGlobalSection
	GlobalSection(ProjectConfigurationPlatforms) = postSolution
		{943D26CD-288F-4D57-980D-200FEBA9DAB6}.Debug|Any CPU.ActiveCfg = Debug|Any CPU
		{943D26CD-288F-4D57-980D-200FEBA9DAB6}.Debug|Any CPU.Build.0 = Debug|Any CPU
		{943D26CD-288F-4D57-980D-200FEBA9DAB6}.Release|Any CPU.ActiveCfg = Release|Any CPU
		{943D26CD-288F-4D57-980D-200FEBA9DAB6}.Release|Any CPU.Build.0 = Release|Any CPU
		{F525133A-F7FF-4326-8FE7-59BA720FA95F}.Debug|Any CPU.ActiveCfg = Debug|Any CPU
		{F525133A-F7FF-4326-8FE7-59BA720FA95F}.Debug|Any CPU.Build.0 = Debug|Any CPU
		{F525133A-F7FF-4326-8FE7-59BA720FA95F}.Release|Any CPU.ActiveCfg = Release|Any CPU
		{F525133A-F7FF-4326-8FE7-59BA720FA95F}.Release|Any CPU.Build.0 = Release|Any CPU
	EndGlobalSection
EndGlobal
